<?xml version="1.0" encoding="utf-8"?>
<Project ToolsVersion="4.0" xmlns="http://schemas.microsoft.com/developer/msbuild/2003">
  <ItemGroup>
    <Filter Include="Source Files">
      <UniqueIdentifier>{59cccb83-91a4-4f40-90d7-290042883a5b}</UniqueIdentifier>
      <Extensions>cpp;c;cxx;rc;def;r;odl;idl;hpj;bat</Extensions>
    </Filter>
    <Filter Include="Header Files">
      <UniqueIdentifier>{cb231ced-0c52-4d2f-88e9-8eba184c3535}</UniqueIdentifier>
      <Extensions>h;hpp;hxx;hm;inl</Extensions>
    </Filter>
    <Filter Include="Resource Files">
      <UniqueIdentifier>{1b2958f4-246e-4037-a355-dbca1822dc95}</UniqueIdentifier>
      <Extensions>ico;cur;bmp;dlg;rc2;rct;bin;rgs;gif;jpg;jpeg;jpe</Extensions>
    </Filter>
  </ItemGroup>
  <ItemGroup>
    <ClCompile Include="AVIEDFTime.cpp">
      <Filter>Source Files</Filter>
    </ClCompile>
    <ClCompile Include="main.c">
      <Filter>Source Files</Filter>
    </ClCompile>
    <ClCompile Include="printevent.c">
      <Filter>Source Files</Filter>
    </ClCompile>
    <ClCompile Include="printrecordinginfo.c">
      <Filter>Source Files</Filter>
    </ClCompile>
    <ClCompile Include="printsample.c">
      <Filter>Source Files</Filter>
    </ClCompile>
    <ClCompile Include="scenecameraedf.c">
      <Filter>Source Files</Filter>
    </ClCompile>
  </ItemGroup>
  <ItemGroup>
    <ClInclude Include="AVIEDFTime.h">
      <Filter>Header Files</Filter>
    </ClInclude>
    <ClInclude Include="edf.h">
      <Filter>Header Files</Filter>
    </ClInclude>
    <ClInclude Include="eye_data.h">
      <Filter>Header Files</Filter>
    </ClInclude>
    <ClInclude Include="eyetypes.h">
      <Filter>Header Files</Filter>
    </ClInclude>
    <ClInclude Include="opt.h">
      <Filter>Header Files</Filter>
    </ClInclude>
  </ItemGroup>
</Project>